// !$*UTF8*$!
{
	archiveVersion = 1;
	classes = {
	};
	objectVersion = 46;
	objects = {

/* Begin PBXBuildFile section */
		930341B71F649FDD00C7A5F1 /* LoginViewController.swift in Sources */ = {isa = PBXBuildFile; fileRef = 930341B61F649FDD00C7A5F1 /* LoginViewController.swift */; };
		930341B91F64ADE000C7A5F1 /* UITextField+Blue.swift in Sources */ = {isa = PBXBuildFile; fileRef = 930341B81F64ADE000C7A5F1 /* UITextField+Blue.swift */; };
		930341BB1F64B24C00C7A5F1 /* UIButton+Blue.swift in Sources */ = {isa = PBXBuildFile; fileRef = 930341BA1F64B24C00C7A5F1 /* UIButton+Blue.swift */; };
		930341BE1F64CB9700C7A5F1 /* CheddarKit.swift in Sources */ = {isa = PBXBuildFile; fileRef = 930341BD1F64CB9700C7A5F1 /* CheddarKit.swift */; };
		930341C41F64F92A00C7A5F1 /* CDKLogin.swift in Sources */ = {isa = PBXBuildFile; fileRef = 930341C31F64F92A00C7A5F1 /* CDKLogin.swift */; };
		9306A1A71FFC3EAD009BB18E /* ListsViewLayout.swift in Sources */ = {isa = PBXBuildFile; fileRef = 9306A1A61FFC3EAD009BB18E /* ListsViewLayout.swift */; };
		9306A1A91FFD9DB0009BB18E /* CDKLists.swift in Sources */ = {isa = PBXBuildFile; fileRef = 9306A1A81FFD9DB0009BB18E /* CDKLists.swift */; };
		931639D41F658B5B00C5B5D6 /* CDKUser.swift in Sources */ = {isa = PBXBuildFile; fileRef = 931639D31F658B0E00C5B5D6 /* CDKUser.swift */; };
		931639D51F658B5B00C5B5D6 /* CDKWebView.swift in Sources */ = {isa = PBXBuildFile; fileRef = 931639D01F658AC100C5B5D6 /* CDKWebView.swift */; };
		931639D91F6603D200C5B5D6 /* CDKResponseTypes.swift in Sources */ = {isa = PBXBuildFile; fileRef = 931639D81F6603D200C5B5D6 /* CDKResponseTypes.swift */; };
		931639DD1F664F0C00C5B5D6 /* CDKContract.swift in Sources */ = {isa = PBXBuildFile; fileRef = 931639DC1F664F0C00C5B5D6 /* CDKContract.swift */; };
		931639DF1F66C9BD00C5B5D6 /* CDKModel.swift in Sources */ = {isa = PBXBuildFile; fileRef = 931639DE1F66C9BD00C5B5D6 /* CDKModel.swift */; };
		931639E21F66CCFE00C5B5D6 /* ListsViewController.swift in Sources */ = {isa = PBXBuildFile; fileRef = 931639E11F66CCFE00C5B5D6 /* ListsViewController.swift */; };
		93584A7F1FFC2FF5007465F7 /* CommonDefinitions.swift in Sources */ = {isa = PBXBuildFile; fileRef = 93584A7E1FFC2FF5007465F7 /* CommonDefinitions.swift */; };
		93584A811FFC313E007465F7 /* ListCell.swift in Sources */ = {isa = PBXBuildFile; fileRef = 93584A801FFC313E007465F7 /* ListCell.swift */; };
		93786458208284D800C5570F /* NewTaskDelegate.swift in Sources */ = {isa = PBXBuildFile; fileRef = 93786457208284D800C5570F /* NewTaskDelegate.swift */; };
		9378645A2082AC3F00C5570F /* MoveTaskViewController.swift in Sources */ = {isa = PBXBuildFile; fileRef = 937864592082AC3F00C5570F /* MoveTaskViewController.swift */; };
		9378645E2082AD6B00C5570F /* MoveTaskListCell.swift in Sources */ = {isa = PBXBuildFile; fileRef = 9378645D2082AD6B00C5570F /* MoveTaskListCell.swift */; };
		9378646020840ADD00C5570F /* CDKMembers.swift in Sources */ = {isa = PBXBuildFile; fileRef = 9378645F20840ADD00C5570F /* CDKMembers.swift */; };
		93A0FEE81F6491D60036D68E /* AppDelegate.swift in Sources */ = {isa = PBXBuildFile; fileRef = 93A0FEE71F6491D60036D68E /* AppDelegate.swift */; };
		93A0FEEF1F6491D60036D68E /* Assets.xcassets in Resources */ = {isa = PBXBuildFile; fileRef = 93A0FEEE1F6491D60036D68E /* Assets.xcassets */; };
		93A0FEF21F6491D60036D68E /* LaunchScreen.storyboard in Resources */ = {isa = PBXBuildFile; fileRef = 93A0FEF01F6491D60036D68E /* LaunchScreen.storyboard */; };
		93A0FEFD1F6491D60036D68E /* CheddarKitTests.swift in Sources */ = {isa = PBXBuildFile; fileRef = 93A0FEFC1F6491D60036D68E /* CheddarKitTests.swift */; };
		93A0FF081F6491D60036D68E /* CheddarKitUITests.swift in Sources */ = {isa = PBXBuildFile; fileRef = 93A0FF071F6491D60036D68E /* CheddarKitUITests.swift */; };
		93A92755207ED8D700EDEED9 /* TaskCell.swift in Sources */ = {isa = PBXBuildFile; fileRef = 93A92754207ED8D700EDEED9 /* TaskCell.swift */; };
		93A92757207F1D6800EDEED9 /* CheckButtonViewController.swift in Sources */ = {isa = PBXBuildFile; fileRef = 93A92756207F1D6800EDEED9 /* CheckButtonViewController.swift */; };
		93BC32A52076B59700902307 /* NewListDelegate.swift in Sources */ = {isa = PBXBuildFile; fileRef = 93BC32A42076B59700902307 /* NewListDelegate.swift */; };
		93BC32AB2076B8A900902307 /* Colors.swift in Sources */ = {isa = PBXBuildFile; fileRef = 93BC32AA2076B8A900902307 /* Colors.swift */; };
		93BC32AE2078286600902307 /* TasksViewController.swift in Sources */ = {isa = PBXBuildFile; fileRef = 93BC32AD2078286600902307 /* TasksViewController.swift */; };
		93BC32B0207D62C500902307 /* CDKTasks.swift in Sources */ = {isa = PBXBuildFile; fileRef = 93BC32AF207D62C500902307 /* CDKTasks.swift */; };
		93BE1B952123FC4000D47125 /* MembersViewController.swift in Sources */ = {isa = PBXBuildFile; fileRef = 93BE1B942123FC4000D47125 /* MembersViewController.swift */; };
		93BF9519228F798B004C6E7D /* MemberCell.swift in Sources */ = {isa = PBXBuildFile; fileRef = 93BF9518228F798B004C6E7D /* MemberCell.swift */; };
		93BF951B2290D59C004C6E7D /* CDKLoginView.swift in Sources */ = {isa = PBXBuildFile; fileRef = 93BF951A2290D59C004C6E7D /* CDKLoginView.swift */; };
		93BF951D2290E192004C6E7D /* CDKSecrets.swift in Sources */ = {isa = PBXBuildFile; fileRef = 93BF951C2290E192004C6E7D /* CDKSecrets.swift */; };
		93CB249D1FD2CC5C0000BEDB /* SimpleKeychain.framework in Frameworks */ = {isa = PBXBuildFile; fileRef = 93CB249C1FD2CC5C0000BEDB /* SimpleKeychain.framework */; };
/* End PBXBuildFile section */

/* Begin PBXContainerItemProxy section */
		93A0FEF91F6491D60036D68E /* PBXContainerItemProxy */ = {
			isa = PBXContainerItemProxy;
			containerPortal = 93A0FEDC1F6491D60036D68E /* Project object */;
			proxyType = 1;
			remoteGlobalIDString = 93A0FEE31F6491D60036D68E;
			remoteInfo = CheddarKit;
		};
		93A0FF041F6491D60036D68E /* PBXContainerItemProxy */ = {
			isa = PBXContainerItemProxy;
			containerPortal = 93A0FEDC1F6491D60036D68E /* Project object */;
			proxyType = 1;
			remoteGlobalIDString = 93A0FEE31F6491D60036D68E;
			remoteInfo = CheddarKit;
		};
/* End PBXContainerItemProxy section */

/* Begin PBXFileReference section */
		930341B61F649FDD00C7A5F1 /* LoginViewController.swift */ = {isa = PBXFileReference; lastKnownFileType = sourcecode.swift; path = LoginViewController.swift; sourceTree = "<group>"; };
		930341B81F64ADE000C7A5F1 /* UITextField+Blue.swift */ = {isa = PBXFileReference; lastKnownFileType = sourcecode.swift; path = "UITextField+Blue.swift"; sourceTree = "<group>"; };
		930341BA1F64B24C00C7A5F1 /* UIButton+Blue.swift */ = {isa = PBXFileReference; lastKnownFileType = sourcecode.swift; path = "UIButton+Blue.swift"; sourceTree = "<group>"; };
		930341BD1F64CB9700C7A5F1 /* CheddarKit.swift */ = {isa = PBXFileReference; lastKnownFileType = sourcecode.swift; path = CheddarKit.swift; sourceTree = "<group>"; };
		930341C31F64F92A00C7A5F1 /* CDKLogin.swift */ = {isa = PBXFileReference; lastKnownFileType = sourcecode.swift; path = CDKLogin.swift; sourceTree = "<group>"; };
		9306A1A61FFC3EAD009BB18E /* ListsViewLayout.swift */ = {isa = PBXFileReference; lastKnownFileType = sourcecode.swift; path = ListsViewLayout.swift; sourceTree = "<group>"; };
		9306A1A81FFD9DB0009BB18E /* CDKLists.swift */ = {isa = PBXFileReference; lastKnownFileType = sourcecode.swift; path = CDKLists.swift; sourceTree = "<group>"; };
		931639D01F658AC100C5B5D6 /* CDKWebView.swift */ = {isa = PBXFileReference; lastKnownFileType = sourcecode.swift; path = CDKWebView.swift; sourceTree = "<group>"; };
		931639D31F658B0E00C5B5D6 /* CDKUser.swift */ = {isa = PBXFileReference; lastKnownFileType = sourcecode.swift; path = CDKUser.swift; sourceTree = "<group>"; };
		931639D81F6603D200C5B5D6 /* CDKResponseTypes.swift */ = {isa = PBXFileReference; lastKnownFileType = sourcecode.swift; path = CDKResponseTypes.swift; sourceTree = "<group>"; };
		931639DC1F664F0C00C5B5D6 /* CDKContract.swift */ = {isa = PBXFileReference; lastKnownFileType = sourcecode.swift; path = CDKContract.swift; sourceTree = "<group>"; };
		931639DE1F66C9BD00C5B5D6 /* CDKModel.swift */ = {isa = PBXFileReference; lastKnownFileType = sourcecode.swift; path = CDKModel.swift; sourceTree = "<group>"; };
		931639E11F66CCFE00C5B5D6 /* ListsViewController.swift */ = {isa = PBXFileReference; lastKnownFileType = sourcecode.swift; path = ListsViewController.swift; sourceTree = "<group>"; };
		93584A7E1FFC2FF5007465F7 /* CommonDefinitions.swift */ = {isa = PBXFileReference; lastKnownFileType = sourcecode.swift; path = CommonDefinitions.swift; sourceTree = "<group>"; };
		93584A801FFC313E007465F7 /* ListCell.swift */ = {isa = PBXFileReference; lastKnownFileType = sourcecode.swift; path = ListCell.swift; sourceTree = "<group>"; };
		93786457208284D800C5570F /* NewTaskDelegate.swift */ = {isa = PBXFileReference; lastKnownFileType = sourcecode.swift; path = NewTaskDelegate.swift; sourceTree = "<group>"; };
		937864592082AC3F00C5570F /* MoveTaskViewController.swift */ = {isa = PBXFileReference; lastKnownFileType = sourcecode.swift; path = MoveTaskViewController.swift; sourceTree = "<group>"; };
		9378645D2082AD6B00C5570F /* MoveTaskListCell.swift */ = {isa = PBXFileReference; lastKnownFileType = sourcecode.swift; path = MoveTaskListCell.swift; sourceTree = "<group>"; };
		9378645F20840ADD00C5570F /* CDKMembers.swift */ = {isa = PBXFileReference; lastKnownFileType = sourcecode.swift; path = CDKMembers.swift; sourceTree = "<group>"; };
		93A0FEE41F6491D60036D68E /* CheddarKit.app */ = {isa = PBXFileReference; explicitFileType = wrapper.application; includeInIndex = 0; path = CheddarKit.app; sourceTree = BUILT_PRODUCTS_DIR; };
		93A0FEE71F6491D60036D68E /* AppDelegate.swift */ = {isa = PBXFileReference; lastKnownFileType = sourcecode.swift; path = AppDelegate.swift; sourceTree = "<group>"; };
		93A0FEEE1F6491D60036D68E /* Assets.xcassets */ = {isa = PBXFileReference; lastKnownFileType = folder.assetcatalog; path = Assets.xcassets; sourceTree = "<group>"; };
		93A0FEF11F6491D60036D68E /* Base */ = {isa = PBXFileReference; lastKnownFileType = file.storyboard; name = Base; path = Base.lproj/LaunchScreen.storyboard; sourceTree = "<group>"; };
		93A0FEF31F6491D60036D68E /* Info.plist */ = {isa = PBXFileReference; lastKnownFileType = text.plist.xml; path = Info.plist; sourceTree = "<group>"; };
		93A0FEF81F6491D60036D68E /* CheddarKitTests.xctest */ = {isa = PBXFileReference; explicitFileType = wrapper.cfbundle; includeInIndex = 0; path = CheddarKitTests.xctest; sourceTree = BUILT_PRODUCTS_DIR; };
		93A0FEFC1F6491D60036D68E /* CheddarKitTests.swift */ = {isa = PBXFileReference; lastKnownFileType = sourcecode.swift; path = CheddarKitTests.swift; sourceTree = "<group>"; };
		93A0FEFE1F6491D60036D68E /* Info.plist */ = {isa = PBXFileReference; lastKnownFileType = text.plist.xml; path = Info.plist; sourceTree = "<group>"; };
		93A0FF031F6491D60036D68E /* CheddarKitUITests.xctest */ = {isa = PBXFileReference; explicitFileType = wrapper.cfbundle; includeInIndex = 0; path = CheddarKitUITests.xctest; sourceTree = BUILT_PRODUCTS_DIR; };
		93A0FF071F6491D60036D68E /* CheddarKitUITests.swift */ = {isa = PBXFileReference; lastKnownFileType = sourcecode.swift; path = CheddarKitUITests.swift; sourceTree = "<group>"; };
		93A0FF091F6491D60036D68E /* Info.plist */ = {isa = PBXFileReference; lastKnownFileType = text.plist.xml; path = Info.plist; sourceTree = "<group>"; };
		93A92754207ED8D700EDEED9 /* TaskCell.swift */ = {isa = PBXFileReference; lastKnownFileType = sourcecode.swift; path = TaskCell.swift; sourceTree = "<group>"; };
		93A92756207F1D6800EDEED9 /* CheckButtonViewController.swift */ = {isa = PBXFileReference; lastKnownFileType = sourcecode.swift; path = CheckButtonViewController.swift; sourceTree = "<group>"; };
		93BC32A42076B59700902307 /* NewListDelegate.swift */ = {isa = PBXFileReference; lastKnownFileType = sourcecode.swift; path = NewListDelegate.swift; sourceTree = "<group>"; };
		93BC32AA2076B8A900902307 /* Colors.swift */ = {isa = PBXFileReference; lastKnownFileType = sourcecode.swift; path = Colors.swift; sourceTree = "<group>"; };
		93BC32AD2078286600902307 /* TasksViewController.swift */ = {isa = PBXFileReference; lastKnownFileType = sourcecode.swift; path = TasksViewController.swift; sourceTree = "<group>"; };
		93BC32AF207D62C500902307 /* CDKTasks.swift */ = {isa = PBXFileReference; lastKnownFileType = sourcecode.swift; path = CDKTasks.swift; sourceTree = "<group>"; };
		93BE1B942123FC4000D47125 /* MembersViewController.swift */ = {isa = PBXFileReference; lastKnownFileType = sourcecode.swift; path = MembersViewController.swift; sourceTree = "<group>"; };
		93BF9518228F798B004C6E7D /* MemberCell.swift */ = {isa = PBXFileReference; lastKnownFileType = sourcecode.swift; path = MemberCell.swift; sourceTree = "<group>"; };
		93BF951A2290D59C004C6E7D /* CDKLoginView.swift */ = {isa = PBXFileReference; lastKnownFileType = sourcecode.swift; path = CDKLoginView.swift; sourceTree = "<group>"; };
		93BF951C2290E192004C6E7D /* CDKSecrets.swift */ = {isa = PBXFileReference; lastKnownFileType = sourcecode.swift; path = CDKSecrets.swift; sourceTree = "<group>"; };
		93CB249C1FD2CC5C0000BEDB /* SimpleKeychain.framework */ = {isa = PBXFileReference; lastKnownFileType = wrapper.framework; name = SimpleKeychain.framework; path = Carthage/Build/iOS/SimpleKeychain.framework; sourceTree = "<group>"; };
/* End PBXFileReference section */

/* Begin PBXFrameworksBuildPhase section */
		93A0FEE11F6491D60036D68E /* Frameworks */ = {
			isa = PBXFrameworksBuildPhase;
			buildActionMask = 2147483647;
			files = (
				93CB249D1FD2CC5C0000BEDB /* SimpleKeychain.framework in Frameworks */,
			);
			runOnlyForDeploymentPostprocessing = 0;
		};
		93A0FEF51F6491D60036D68E /* Frameworks */ = {
			isa = PBXFrameworksBuildPhase;
			buildActionMask = 2147483647;
			files = (
			);
			runOnlyForDeploymentPostprocessing = 0;
		};
		93A0FF001F6491D60036D68E /* Frameworks */ = {
			isa = PBXFrameworksBuildPhase;
			buildActionMask = 2147483647;
			files = (
			);
			runOnlyForDeploymentPostprocessing = 0;
		};
/* End PBXFrameworksBuildPhase section */

/* Begin PBXGroup section */
		930341B41F649FA800C7A5F1 /* CheddarBlue */ = {
			isa = PBXGroup;
			children = (
				93BC32AC2078283600902307 /* Tasks */,
				93BC32A92076B78400902307 /* Views */,
				93BC32A82076B76C00902307 /* Common */,
				93DD7C301FD2BF6F00535748 /* Models */,
				931639E01F66CCF000C5B5D6 /* Lists */,
				930341B51F649FC000C7A5F1 /* Login */,
			);
			path = CheddarBlue;
			sourceTree = "<group>";
		};
		930341B51F649FC000C7A5F1 /* Login */ = {
			isa = PBXGroup;
			children = (
				930341B61F649FDD00C7A5F1 /* LoginViewController.swift */,
			);
			path = Login;
			sourceTree = "<group>";
		};
		930341BC1F64CB7B00C7A5F1 /* API */ = {
			isa = PBXGroup;
			children = (
				931639DC1F664F0C00C5B5D6 /* CDKContract.swift */,
				930341BD1F64CB9700C7A5F1 /* CheddarKit.swift */,
				93BF951C2290E192004C6E7D /* CDKSecrets.swift */,
				930341C31F64F92A00C7A5F1 /* CDKLogin.swift */,
				9306A1A81FFD9DB0009BB18E /* CDKLists.swift */,
				93BC32AF207D62C500902307 /* CDKTasks.swift */,
				9378645F20840ADD00C5570F /* CDKMembers.swift */,
				931639D11F658ACC00C5B5D6 /* Data */,
				931639CF1F658AC100C5B5D6 /* UI */,
			);
			path = API;
			sourceTree = "<group>";
		};
		930341C01F64E98200C7A5F1 /* Frameworks */ = {
			isa = PBXGroup;
			children = (
				93CB249C1FD2CC5C0000BEDB /* SimpleKeychain.framework */,
			);
			name = Frameworks;
			sourceTree = "<group>";
		};
		931639CF1F658AC100C5B5D6 /* UI */ = {
			isa = PBXGroup;
			children = (
				931639D01F658AC100C5B5D6 /* CDKWebView.swift */,
				93BF951A2290D59C004C6E7D /* CDKLoginView.swift */,
			);
			path = UI;
			sourceTree = "<group>";
		};
		931639D11F658ACC00C5B5D6 /* Data */ = {
			isa = PBXGroup;
			children = (
				931639D31F658B0E00C5B5D6 /* CDKUser.swift */,
				931639D81F6603D200C5B5D6 /* CDKResponseTypes.swift */,
			);
			path = Data;
			sourceTree = "<group>";
		};
		931639E01F66CCF000C5B5D6 /* Lists */ = {
			isa = PBXGroup;
			children = (
				931639E11F66CCFE00C5B5D6 /* ListsViewController.swift */,
				93BC32A42076B59700902307 /* NewListDelegate.swift */,
				9306A1A61FFC3EAD009BB18E /* ListsViewLayout.swift */,
				93584A801FFC313E007465F7 /* ListCell.swift */,
			);
			path = Lists;
			sourceTree = "<group>";
		};
		9378645C2082AD5100C5570F /* MoveTaskViewController */ = {
			isa = PBXGroup;
			children = (
				937864592082AC3F00C5570F /* MoveTaskViewController.swift */,
				9378645D2082AD6B00C5570F /* MoveTaskListCell.swift */,
			);
			path = MoveTaskViewController;
			sourceTree = "<group>";
		};
		93A0FEDB1F6491D60036D68E = {
			isa = PBXGroup;
			children = (
				93A0FEE61F6491D60036D68E /* CheddarKit */,
				93A0FEFB1F6491D60036D68E /* CheddarKitTests */,
				93A0FF061F6491D60036D68E /* CheddarKitUITests */,
				93A0FEE51F6491D60036D68E /* Products */,
				930341C01F64E98200C7A5F1 /* Frameworks */,
			);
			sourceTree = "<group>";
		};
		93A0FEE51F6491D60036D68E /* Products */ = {
			isa = PBXGroup;
			children = (
				93A0FEE41F6491D60036D68E /* CheddarKit.app */,
				93A0FEF81F6491D60036D68E /* CheddarKitTests.xctest */,
				93A0FF031F6491D60036D68E /* CheddarKitUITests.xctest */,
			);
			name = Products;
			sourceTree = "<group>";
		};
		93A0FEE61F6491D60036D68E /* CheddarKit */ = {
			isa = PBXGroup;
			children = (
				930341BC1F64CB7B00C7A5F1 /* API */,
				930341B41F649FA800C7A5F1 /* CheddarBlue */,
				93A0FEE71F6491D60036D68E /* AppDelegate.swift */,
				93A0FEEE1F6491D60036D68E /* Assets.xcassets */,
				93A0FEF01F6491D60036D68E /* LaunchScreen.storyboard */,
				93A0FEF31F6491D60036D68E /* Info.plist */,
			);
			path = CheddarKit;
			sourceTree = "<group>";
		};
		93A0FEFB1F6491D60036D68E /* CheddarKitTests */ = {
			isa = PBXGroup;
			children = (
				93A0FEFC1F6491D60036D68E /* CheddarKitTests.swift */,
				93A0FEFE1F6491D60036D68E /* Info.plist */,
			);
			path = CheddarKitTests;
			sourceTree = "<group>";
		};
		93A0FF061F6491D60036D68E /* CheddarKitUITests */ = {
			isa = PBXGroup;
			children = (
				93A0FF071F6491D60036D68E /* CheddarKitUITests.swift */,
				93A0FF091F6491D60036D68E /* Info.plist */,
			);
			path = CheddarKitUITests;
			sourceTree = "<group>";
		};
		93BC32A82076B76C00902307 /* Common */ = {
			isa = PBXGroup;
			children = (
				93584A7E1FFC2FF5007465F7 /* CommonDefinitions.swift */,
				93BC32AA2076B8A900902307 /* Colors.swift */,
			);
			path = Common;
			sourceTree = "<group>";
		};
		93BC32A92076B78400902307 /* Views */ = {
			isa = PBXGroup;
			children = (
				930341B81F64ADE000C7A5F1 /* UITextField+Blue.swift */,
				930341BA1F64B24C00C7A5F1 /* UIButton+Blue.swift */,
				93A92756207F1D6800EDEED9 /* CheckButtonViewController.swift */,
			);
			path = Views;
			sourceTree = "<group>";
		};
		93BC32AC2078283600902307 /* Tasks */ = {
			isa = PBXGroup;
			children = (
				93BE1B932123FC1C00D47125 /* MembersViewController */,
				93BC32AD2078286600902307 /* TasksViewController.swift */,
				93A92754207ED8D700EDEED9 /* TaskCell.swift */,
				93786457208284D800C5570F /* NewTaskDelegate.swift */,
				9378645C2082AD5100C5570F /* MoveTaskViewController */,
			);
			path = Tasks;
			sourceTree = "<group>";
		};
		93BE1B932123FC1C00D47125 /* MembersViewController */ = {
			isa = PBXGroup;
			children = (
				93BE1B942123FC4000D47125 /* MembersViewController.swift */,
				93BF9518228F798B004C6E7D /* MemberCell.swift */,
			);
			path = MembersViewController;
			sourceTree = "<group>";
		};
		93DD7C301FD2BF6F00535748 /* Models */ = {
			isa = PBXGroup;
			children = (
				931639DE1F66C9BD00C5B5D6 /* CDKModel.swift */,
			);
			path = Models;
			sourceTree = "<group>";
		};
/* End PBXGroup section */

/* Begin PBXNativeTarget section */
		93A0FEE31F6491D60036D68E /* CheddarKit */ = {
			isa = PBXNativeTarget;
			buildConfigurationList = 93A0FF0C1F6491D60036D68E /* Build configuration list for PBXNativeTarget "CheddarKit" */;
			buildPhases = (
				93A0FEE01F6491D60036D68E /* Sources */,
				93A0FEE21F6491D60036D68E /* Resources */,
				93A0FEE11F6491D60036D68E /* Frameworks */,
				930B2CC41FD2ACFF00A2EDEE /* ShellScript */,
			);
			buildRules = (
			);
			dependencies = (
			);
			name = CheddarKit;
			productName = CheddarKit;
			productReference = 93A0FEE41F6491D60036D68E /* CheddarKit.app */;
			productType = "com.apple.product-type.application";
		};
		93A0FEF71F6491D60036D68E /* CheddarKitTests */ = {
			isa = PBXNativeTarget;
			buildConfigurationList = 93A0FF0F1F6491D60036D68E /* Build configuration list for PBXNativeTarget "CheddarKitTests" */;
			buildPhases = (
				93A0FEF41F6491D60036D68E /* Sources */,
				93A0FEF51F6491D60036D68E /* Frameworks */,
				93A0FEF61F6491D60036D68E /* Resources */,
			);
			buildRules = (
			);
			dependencies = (
				93A0FEFA1F6491D60036D68E /* PBXTargetDependency */,
			);
			name = CheddarKitTests;
			productName = CheddarKitTests;
			productReference = 93A0FEF81F6491D60036D68E /* CheddarKitTests.xctest */;
			productType = "com.apple.product-type.bundle.unit-test";
		};
		93A0FF021F6491D60036D68E /* CheddarKitUITests */ = {
			isa = PBXNativeTarget;
			buildConfigurationList = 93A0FF121F6491D60036D68E /* Build configuration list for PBXNativeTarget "CheddarKitUITests" */;
			buildPhases = (
				93A0FEFF1F6491D60036D68E /* Sources */,
				93A0FF001F6491D60036D68E /* Frameworks */,
				93A0FF011F6491D60036D68E /* Resources */,
			);
			buildRules = (
			);
			dependencies = (
				93A0FF051F6491D60036D68E /* PBXTargetDependency */,
			);
			name = CheddarKitUITests;
			productName = CheddarKitUITests;
			productReference = 93A0FF031F6491D60036D68E /* CheddarKitUITests.xctest */;
			productType = "com.apple.product-type.bundle.ui-testing";
		};
/* End PBXNativeTarget section */

/* Begin PBXProject section */
		93A0FEDC1F6491D60036D68E /* Project object */ = {
			isa = PBXProject;
			attributes = {
				LastSwiftUpdateCheck = 0830;
				LastUpgradeCheck = 0900;
				ORGANIZATIONNAME = "Karl Weber";
				TargetAttributes = {
					93A0FEE31F6491D60036D68E = {
						CreatedOnToolsVersion = 8.3.3;
						DevelopmentTeam = 6SRVK6QLTD;
						LastSwiftMigration = 0900;
						ProvisioningStyle = Automatic;
					};
					93A0FEF71F6491D60036D68E = {
						CreatedOnToolsVersion = 8.3.3;
						DevelopmentTeam = 6SRVK6QLTD;
						LastSwiftMigration = 0900;
						ProvisioningStyle = Automatic;
						TestTargetID = 93A0FEE31F6491D60036D68E;
					};
					93A0FF021F6491D60036D68E = {
						CreatedOnToolsVersion = 8.3.3;
						DevelopmentTeam = 6SRVK6QLTD;
						LastSwiftMigration = 0900;
						ProvisioningStyle = Automatic;
						TestTargetID = 93A0FEE31F6491D60036D68E;
					};
				};
			};
			buildConfigurationList = 93A0FEDF1F6491D60036D68E /* Build configuration list for PBXProject "CheddarKit" */;
			compatibilityVersion = "Xcode 3.2";
			developmentRegion = English;
			hasScannedForEncodings = 0;
			knownRegions = (
				English,
				en,
				Base,
			);
			mainGroup = 93A0FEDB1F6491D60036D68E;
			productRefGroup = 93A0FEE51F6491D60036D68E /* Products */;
			projectDirPath = "";
			projectRoot = "";
			targets = (
				93A0FEE31F6491D60036D68E /* CheddarKit */,
				93A0FEF71F6491D60036D68E /* CheddarKitTests */,
				93A0FF021F6491D60036D68E /* CheddarKitUITests */,
			);
		};
/* End PBXProject section */

/* Begin PBXResourcesBuildPhase section */
		93A0FEE21F6491D60036D68E /* Resources */ = {
			isa = PBXResourcesBuildPhase;
			buildActionMask = 2147483647;
			files = (
				93A0FEF21F6491D60036D68E /* LaunchScreen.storyboard in Resources */,
				93A0FEEF1F6491D60036D68E /* Assets.xcassets in Resources */,
			);
			runOnlyForDeploymentPostprocessing = 0;
		};
		93A0FEF61F6491D60036D68E /* Resources */ = {
			isa = PBXResourcesBuildPhase;
			buildActionMask = 2147483647;
			files = (
			);
			runOnlyForDeploymentPostprocessing = 0;
		};
		93A0FF011F6491D60036D68E /* Resources */ = {
			isa = PBXResourcesBuildPhase;
			buildActionMask = 2147483647;
			files = (
			);
			runOnlyForDeploymentPostprocessing = 0;
		};
/* End PBXResourcesBuildPhase section */

/* Begin PBXShellScriptBuildPhase section */
		930B2CC41FD2ACFF00A2EDEE /* ShellScript */ = {
			isa = PBXShellScriptBuildPhase;
			buildActionMask = 2147483647;
			files = (
			);
			inputPaths = (
				"$(SRCROOT)/Carthage/Build/iOS/SimpleKeychain.framework",
			);
			outputPaths = (
				"$(BUILT_PRODUCTS_DIR)/$(FRAMEWORKS_FOLDER_PATH)/SimpleKeychain.framework",
			);
			runOnlyForDeploymentPostprocessing = 0;
			shellPath = /bin/sh;
			shellScript = "/usr/local/bin/carthage copy-frameworks\n";
		};
/* End PBXShellScriptBuildPhase section */

/* Begin PBXSourcesBuildPhase section */
		93A0FEE01F6491D60036D68E /* Sources */ = {
			isa = PBXSourcesBuildPhase;
			buildActionMask = 2147483647;
			files = (
				93BC32A52076B59700902307 /* NewListDelegate.swift in Sources */,
				93BE1B952123FC4000D47125 /* MembersViewController.swift in Sources */,
				93A92755207ED8D700EDEED9 /* TaskCell.swift in Sources */,
				93BC32AB2076B8A900902307 /* Colors.swift in Sources */,
				9378645E2082AD6B00C5570F /* MoveTaskListCell.swift in Sources */,
				9306A1A71FFC3EAD009BB18E /* ListsViewLayout.swift in Sources */,
				931639DF1F66C9BD00C5B5D6 /* CDKModel.swift in Sources */,
				931639D41F658B5B00C5B5D6 /* CDKUser.swift in Sources */,
				93BC32B0207D62C500902307 /* CDKTasks.swift in Sources */,
				93584A7F1FFC2FF5007465F7 /* CommonDefinitions.swift in Sources */,
				9378645A2082AC3F00C5570F /* MoveTaskViewController.swift in Sources */,
				93BF9519228F798B004C6E7D /* MemberCell.swift in Sources */,
				93584A811FFC313E007465F7 /* ListCell.swift in Sources */,
				931639E21F66CCFE00C5B5D6 /* ListsViewController.swift in Sources */,
				93BF951B2290D59C004C6E7D /* CDKLoginView.swift in Sources */,
				931639D51F658B5B00C5B5D6 /* CDKWebView.swift in Sources */,
				930341C41F64F92A00C7A5F1 /* CDKLogin.swift in Sources */,
				93786458208284D800C5570F /* NewTaskDelegate.swift in Sources */,
				930341B71F649FDD00C7A5F1 /* LoginViewController.swift in Sources */,
				9378646020840ADD00C5570F /* CDKMembers.swift in Sources */,
				93A0FEE81F6491D60036D68E /* AppDelegate.swift in Sources */,
				9306A1A91FFD9DB0009BB18E /* CDKLists.swift in Sources */,
				930341BE1F64CB9700C7A5F1 /* CheddarKit.swift in Sources */,
				930341B91F64ADE000C7A5F1 /* UITextField+Blue.swift in Sources */,
				93BF951D2290E192004C6E7D /* CDKSecrets.swift in Sources */,
				93A92757207F1D6800EDEED9 /* CheckButtonViewController.swift in Sources */,
				93BC32AE2078286600902307 /* TasksViewController.swift in Sources */,
				931639DD1F664F0C00C5B5D6 /* CDKContract.swift in Sources */,
				930341BB1F64B24C00C7A5F1 /* UIButton+Blue.swift in Sources */,
				931639D91F6603D200C5B5D6 /* CDKResponseTypes.swift in Sources */,
			);
			runOnlyForDeploymentPostprocessing = 0;
		};
		93A0FEF41F6491D60036D68E /* Sources */ = {
			isa = PBXSourcesBuildPhase;
			buildActionMask = 2147483647;
			files = (
				93A0FEFD1F6491D60036D68E /* CheddarKitTests.swift in Sources */,
			);
			runOnlyForDeploymentPostprocessing = 0;
		};
		93A0FEFF1F6491D60036D68E /* Sources */ = {
			isa = PBXSourcesBuildPhase;
			buildActionMask = 2147483647;
			files = (
				93A0FF081F6491D60036D68E /* CheddarKitUITests.swift in Sources */,
			);
			runOnlyForDeploymentPostprocessing = 0;
		};
/* End PBXSourcesBuildPhase section */

/* Begin PBXTargetDependency section */
		93A0FEFA1F6491D60036D68E /* PBXTargetDependency */ = {
			isa = PBXTargetDependency;
			target = 93A0FEE31F6491D60036D68E /* CheddarKit */;
			targetProxy = 93A0FEF91F6491D60036D68E /* PBXContainerItemProxy */;
		};
		93A0FF051F6491D60036D68E /* PBXTargetDependency */ = {
			isa = PBXTargetDependency;
			target = 93A0FEE31F6491D60036D68E /* CheddarKit */;
			targetProxy = 93A0FF041F6491D60036D68E /* PBXContainerItemProxy */;
		};
/* End PBXTargetDependency section */

/* Begin PBXVariantGroup section */
		93A0FEF01F6491D60036D68E /* LaunchScreen.storyboard */ = {
			isa = PBXVariantGroup;
			children = (
				93A0FEF11F6491D60036D68E /* Base */,
			);
			name = LaunchScreen.storyboard;
			sourceTree = "<group>";
		};
/* End PBXVariantGroup section */

/* Begin XCBuildConfiguration section */
		93A0FF0A1F6491D60036D68E /* Debug */ = {
			isa = XCBuildConfiguration;
			buildSettings = {
				ALWAYS_SEARCH_USER_PATHS = NO;
				CLANG_ANALYZER_NONNULL = YES;
				CLANG_ANALYZER_NUMBER_OBJECT_CONVERSION = YES_AGGRESSIVE;
				CLANG_CXX_LANGUAGE_STANDARD = "gnu++0x";
				CLANG_CXX_LIBRARY = "libc++";
				CLANG_ENABLE_MODULES = YES;
				CLANG_ENABLE_OBJC_ARC = YES;
				CLANG_WARN_BLOCK_CAPTURE_AUTORELEASING = YES;
				CLANG_WARN_BOOL_CONVERSION = YES;
				CLANG_WARN_COMMA = YES;
				CLANG_WARN_CONSTANT_CONVERSION = YES;
				CLANG_WARN_DIRECT_OBJC_ISA_USAGE = YES_ERROR;
				CLANG_WARN_DOCUMENTATION_COMMENTS = YES;
				CLANG_WARN_EMPTY_BODY = YES;
				CLANG_WARN_ENUM_CONVERSION = YES;
				CLANG_WARN_INFINITE_RECURSION = YES;
				CLANG_WARN_INT_CONVERSION = YES;
				CLANG_WARN_NON_LITERAL_NULL_CONVERSION = YES;
				CLANG_WARN_OBJC_LITERAL_CONVERSION = YES;
				CLANG_WARN_OBJC_ROOT_CLASS = YES_ERROR;
				CLANG_WARN_RANGE_LOOP_ANALYSIS = YES;
				CLANG_WARN_STRICT_PROTOTYPES = YES;
				CLANG_WARN_SUSPICIOUS_MOVE = YES;
				CLANG_WARN_UNREACHABLE_CODE = YES;
				CLANG_WARN__DUPLICATE_METHOD_MATCH = YES;
				"CODE_SIGN_IDENTITY[sdk=iphoneos*]" = "iPhone Developer";
				COPY_PHASE_STRIP = NO;
				DEBUG_INFORMATION_FORMAT = dwarf;
				ENABLE_STRICT_OBJC_MSGSEND = YES;
				ENABLE_TESTABILITY = YES;
				GCC_C_LANGUAGE_STANDARD = gnu99;
				GCC_DYNAMIC_NO_PIC = NO;
				GCC_NO_COMMON_BLOCKS = YES;
				GCC_OPTIMIZATION_LEVEL = 0;
				GCC_PREPROCESSOR_DEFINITIONS = (
					"DEBUG=1",
					"$(inherited)",
				);
				GCC_WARN_64_TO_32_BIT_CONVERSION = YES;
				GCC_WARN_ABOUT_RETURN_TYPE = YES_ERROR;
				GCC_WARN_UNDECLARED_SELECTOR = YES;
				GCC_WARN_UNINITIALIZED_AUTOS = YES_AGGRESSIVE;
				GCC_WARN_UNUSED_FUNCTION = YES;
				GCC_WARN_UNUSED_VARIABLE = YES;
				IPHONEOS_DEPLOYMENT_TARGET = 10.3;
				MTL_ENABLE_DEBUG_INFO = YES;
				ONLY_ACTIVE_ARCH = YES;
				SDKROOT = iphoneos;
				SWIFT_ACTIVE_COMPILATION_CONDITIONS = DEBUG;
				SWIFT_OPTIMIZATION_LEVEL = "-Onone";
			};
			name = Debug;
		};
		93A0FF0B1F6491D60036D68E /* Release */ = {
			isa = XCBuildConfiguration;
			buildSettings = {
				ALWAYS_SEARCH_USER_PATHS = NO;
				CLANG_ANALYZER_NONNULL = YES;
				CLANG_ANALYZER_NUMBER_OBJECT_CONVERSION = YES_AGGRESSIVE;
				CLANG_CXX_LANGUAGE_STANDARD = "gnu++0x";
				CLANG_CXX_LIBRARY = "libc++";
				CLANG_ENABLE_MODULES = YES;
				CLANG_ENABLE_OBJC_ARC = YES;
				CLANG_WARN_BLOCK_CAPTURE_AUTORELEASING = YES;
				CLANG_WARN_BOOL_CONVERSION = YES;
				CLANG_WARN_COMMA = YES;
				CLANG_WARN_CONSTANT_CONVERSION = YES;
				CLANG_WARN_DIRECT_OBJC_ISA_USAGE = YES_ERROR;
				CLANG_WARN_DOCUMENTATION_COMMENTS = YES;
				CLANG_WARN_EMPTY_BODY = YES;
				CLANG_WARN_ENUM_CONVERSION = YES;
				CLANG_WARN_INFINITE_RECURSION = YES;
				CLANG_WARN_INT_CONVERSION = YES;
				CLANG_WARN_NON_LITERAL_NULL_CONVERSION = YES;
				CLANG_WARN_OBJC_LITERAL_CONVERSION = YES;
				CLANG_WARN_OBJC_ROOT_CLASS = YES_ERROR;
				CLANG_WARN_RANGE_LOOP_ANALYSIS = YES;
				CLANG_WARN_STRICT_PROTOTYPES = YES;
				CLANG_WARN_SUSPICIOUS_MOVE = YES;
				CLANG_WARN_UNREACHABLE_CODE = YES;
				CLANG_WARN__DUPLICATE_METHOD_MATCH = YES;
				"CODE_SIGN_IDENTITY[sdk=iphoneos*]" = "iPhone Developer";
				COPY_PHASE_STRIP = NO;
				DEBUG_INFORMATION_FORMAT = "dwarf-with-dsym";
				ENABLE_NS_ASSERTIONS = NO;
				ENABLE_STRICT_OBJC_MSGSEND = YES;
				GCC_C_LANGUAGE_STANDARD = gnu99;
				GCC_NO_COMMON_BLOCKS = YES;
				GCC_WARN_64_TO_32_BIT_CONVERSION = YES;
				GCC_WARN_ABOUT_RETURN_TYPE = YES_ERROR;
				GCC_WARN_UNDECLARED_SELECTOR = YES;
				GCC_WARN_UNINITIALIZED_AUTOS = YES_AGGRESSIVE;
				GCC_WARN_UNUSED_FUNCTION = YES;
				GCC_WARN_UNUSED_VARIABLE = YES;
				IPHONEOS_DEPLOYMENT_TARGET = 10.3;
				MTL_ENABLE_DEBUG_INFO = NO;
				SDKROOT = iphoneos;
				SWIFT_OPTIMIZATION_LEVEL = "-Owholemodule";
				VALIDATE_PRODUCT = YES;
			};
			name = Release;
		};
		93A0FF0D1F6491D60036D68E /* Debug */ = {
			isa = XCBuildConfiguration;
			buildSettings = {
				ASSETCATALOG_COMPILER_APPICON_NAME = AppIcon;
				DEVELOPMENT_TEAM = 6SRVK6QLTD;
				FRAMEWORK_SEARCH_PATHS = (
					"$(inherited)",
					"$(PROJECT_DIR)/Carthage/Build/iOS",
				);
				INFOPLIST_FILE = CheddarKit/Info.plist;
				LD_RUNPATH_SEARCH_PATHS = "$(inherited) @executable_path/Frameworks";
				PRODUCT_BUNDLE_IDENTIFIER = com.karlweber.CheddarKit;
				PRODUCT_NAME = "$(TARGET_NAME)";
				SWIFT_SWIFT3_OBJC_INFERENCE = Default;
				SWIFT_VERSION = 5.0;
			};
			name = Debug;
		};
		93A0FF0E1F6491D60036D68E /* Release */ = {
			isa = XCBuildConfiguration;
			buildSettings = {
				ASSETCATALOG_COMPILER_APPICON_NAME = AppIcon;
				DEVELOPMENT_TEAM = 6SRVK6QLTD;
				FRAMEWORK_SEARCH_PATHS = (
					"$(inherited)",
					"$(PROJECT_DIR)/Carthage/Build/iOS",
				);
				INFOPLIST_FILE = CheddarKit/Info.plist;
				LD_RUNPATH_SEARCH_PATHS = "$(inherited) @executable_path/Frameworks";
				PRODUCT_BUNDLE_IDENTIFIER = com.karlweber.CheddarKit;
				PRODUCT_NAME = "$(TARGET_NAME)";
				SWIFT_SWIFT3_OBJC_INFERENCE = Default;
				SWIFT_VERSION = 5.0;
			};
			name = Release;
		};
		93A0FF101F6491D60036D68E /* Debug */ = {
			isa = XCBuildConfiguration;
			buildSettings = {
				ALWAYS_EMBED_SWIFT_STANDARD_LIBRARIES = YES;
				BUNDLE_LOADER = "$(TEST_HOST)";
				DEVELOPMENT_TEAM = 6SRVK6QLTD;
				INFOPLIST_FILE = CheddarKitTests/Info.plist;
				LD_RUNPATH_SEARCH_PATHS = "$(inherited) @executable_path/Frameworks @loader_path/Frameworks";
				PRODUCT_BUNDLE_IDENTIFIER = com.karlweber.CheddarKitTests;
				PRODUCT_NAME = "$(TARGET_NAME)";
				SWIFT_SWIFT3_OBJC_INFERENCE = On;
				SWIFT_VERSION = 4.0;
				TEST_HOST = "$(BUILT_PRODUCTS_DIR)/CheddarKit.app/CheddarKit";
			};
			name = Debug;
		};
		93A0FF111F6491D60036D68E /* Release */ = {
			isa = XCBuildConfiguration;
			buildSettings = {
				ALWAYS_EMBED_SWIFT_STANDARD_LIBRARIES = YES;
				BUNDLE_LOADER = "$(TEST_HOST)";
				DEVELOPMENT_TEAM = 6SRVK6QLTD;
				INFOPLIST_FILE = CheddarKitTests/Info.plist;
				LD_RUNPATH_SEARCH_PATHS = "$(inherited) @executable_path/Frameworks @loader_path/Frameworks";
				PRODUCT_BUNDLE_IDENTIFIER = com.karlweber.CheddarKitTests;
				PRODUCT_NAME = "$(TARGET_NAME)";
				SWIFT_SWIFT3_OBJC_INFERENCE = On;
				SWIFT_VERSION = 4.0;
				TEST_HOST = "$(BUILT_PRODUCTS_DIR)/CheddarKit.app/CheddarKit";
			};
			name = Release;
		};
		93A0FF131F6491D60036D68E /* Debug */ = {
			isa = XCBuildConfiguration;
			buildSettings = {
				ALWAYS_EMBED_SWIFT_STANDARD_LIBRARIES = YES;
				DEVELOPMENT_TEAM = 6SRVK6QLTD;
				INFOPLIST_FILE = CheddarKitUITests/Info.plist;
				LD_RUNPATH_SEARCH_PATHS = "$(inherited) @executable_path/Frameworks @loader_path/Frameworks";
				PRODUCT_BUNDLE_IDENTIFIER = com.karlweber.CheddarKitUITests;
				PRODUCT_NAME = "$(TARGET_NAME)";
				SWIFT_SWIFT3_OBJC_INFERENCE = On;
				SWIFT_VERSION = 4.0;
				TEST_TARGET_NAME = CheddarKit;
			};
			name = Debug;
		};
		93A0FF141F6491D60036D68E /* Release */ = {
			isa = XCBuildConfiguration;
			buildSettings = {
				ALWAYS_EMBED_SWIFT_STANDARD_LIBRARIES = YES;
				DEVELOPMENT_TEAM = 6SRVK6QLTD;
				INFOPLIST_FILE = CheddarKitUITests/Info.plist;
				LD_RUNPATH_SEARCH_PATHS = "$(inherited) @executable_path/Frameworks @loader_path/Frameworks";
				PRODUCT_BUNDLE_IDENTIFIER = com.karlweber.CheddarKitUITests;
				PRODUCT_NAME = "$(TARGET_NAME)";
				SWIFT_SWIFT3_OBJC_INFERENCE = On;
				SWIFT_VERSION = 4.0;
				TEST_TARGET_NAME = CheddarKit;
			};
			name = Release;
		};
/* End XCBuildConfiguration section */

/* Begin XCConfigurationList section */
		93A0FEDF1F6491D60036D68E /* Build configuration list for PBXProject "CheddarKit" */ = {
			isa = XCConfigurationList;
			buildConfigurations = (
				93A0FF0A1F6491D60036D68E /* Debug */,
				93A0FF0B1F6491D60036D68E /* Release */,
			);
			defaultConfigurationIsVisible = 0;
			defaultConfigurationName = Release;
		};
		93A0FF0C1F6491D60036D68E /* Build configuration list for PBXNativeTarget "CheddarKit" */ = {
			isa = XCConfigurationList;
			buildConfigurations = (
				93A0FF0D1F6491D60036D68E /* Debug */,
				93A0FF0E1F6491D60036D68E /* Release */,
			);
			defaultConfigurationIsVisible = 0;
			defaultConfigurationName = Release;
		};
		93A0FF0F1F6491D60036D68E /* Build configuration list for PBXNativeTarget "CheddarKitTests" */ = {
			isa = XCConfigurationList;
			buildConfigurations = (
				93A0FF101F6491D60036D68E /* Debug */,
				93A0FF111F6491D60036D68E /* Release */,
			);
			defaultConfigurationIsVisible = 0;
			defaultConfigurationName = Release;
		};
		93A0FF121F6491D60036D68E /* Build configuration list for PBXNativeTarget "CheddarKitUITests" */ = {
			isa = XCConfigurationList;
			buildConfigurations = (
				93A0FF131F6491D60036D68E /* Debug */,
				93A0FF141F6491D60036D68E /* Release */,
			);
			defaultConfigurationIsVisible = 0;
			defaultConfigurationName = Release;
		};
/* End XCConfigurationList section */
	};
	rootObject = 93A0FEDC1F6491D60036D68E /* Project object */;
}
